
Microsoft Visual Studio Solution File, Format Version 12.00
# Visual Studio 15
VisualStudioVersion = 15.0.26730.3
MinimumVisualStudioVersion = 10.0.40219.1
Project("{FAE04EC0-301F-11D3-BF4B-00C04F79EFBC}") = "arrayExample", "arrayExample\arrayExample.csproj", "{DD31C8EC-1B6D-4E1A-A049-192A27A38CC2}"
EndProject
Global
	GlobalSection(SolutionConfigurationPlatforms) = preSolution
		Debug|Any CPU = Debug|Any CPU
		Release|Any CPU = Release|Any CPU
	EndGlobalSection
	GlobalSection(ProjectConfigurationPlatforms) = postSolution
		{DD31C8EC-1B6D-4E1A-A049-192A27A38CC2}.Debug|Any CPU.ActiveCfg = Debug|Any CPU
		{DD31C8EC-1B6D-4E1A-A049-192A27A38CC2}.Debug|Any CPU.Build.0 = Debug|Any CPU
		{DD31C8EC-1B6D-4E1A-A049-192A27A38CC2}.Release|Any CPU.ActiveCfg = Release|Any CPU
		{DD31C8EC-1B6D-4E1A-A049-192A27A38CC2}.Release|Any CPU.Build.0 = Release|Any CPU
	EndGlobalSection
	GlobalSection(SolutionProperties) = preSolution
		HideSolutionNode = FALSE
	EndGlobalSection
	GlobalSection(ExtensibilityGlobals) = postSolution
		SolutionGuid = {6154C844-8349-4EBF-ABB5-7981F19D27E9}
	EndGlobalSection
EndGlobal
