
Microsoft Visual Studio Solution File, Format Version 12.00
# Visual Studio 15
VisualStudioVersion = 15.0.26730.3
MinimumVisualStudioVersion = 10.0.40219.1
Project("{FAE04EC0-301F-11D3-BF4B-00C04F79EFBC}") = "primeNumberGenerator", "primeNumberGenerator\primeNumberGenerator.csproj", "{78FE66DE-1D40-4B39-9E3A-7524869559F8}"
EndProject
Global
	GlobalSection(SolutionConfigurationPlatforms) = preSolution
		Debug|Any CPU = Debug|Any CPU
		Release|Any CPU = Release|Any CPU
	EndGlobalSection
	GlobalSection(ProjectConfigurationPlatforms) = postSolution
		{78FE66DE-1D40-4B39-9E3A-7524869559F8}.Debug|Any CPU.ActiveCfg = Debug|Any CPU
		{78FE66DE-1D40-4B39-9E3A-7524869559F8}.Debug|Any CPU.Build.0 = Debug|Any CPU
		{78FE66DE-1D40-4B39-9E3A-7524869559F8}.Release|Any CPU.ActiveCfg = Release|Any CPU
		{78FE66DE-1D40-4B39-9E3A-7524869559F8}.Release|Any CPU.Build.0 = Release|Any CPU
	EndGlobalSection
	GlobalSection(SolutionProperties) = preSolution
		HideSolutionNode = FALSE
	EndGlobalSection
	GlobalSection(ExtensibilityGlobals) = postSolution
		SolutionGuid = {EF0FCDE7-E2FF-4E94-AC90-7A2C37763D25}
	EndGlobalSection
EndGlobal
